
Microsoft Visual Studio Solution File, Format Version 12.00
# Visual Studio Version 16
VisualStudioVersion = 16.0.30503.244
MinimumVisualStudioVersion = 10.0.40219.1
Project("{FAE04EC0-301F-11D3-BF4B-00C04F79EFBC}") = "week05project", "week05project\week05project.csproj", "{D32C7E29-B391-42B1-8AC5-9E280F827BD9}"
EndProject
Global
	GlobalSection(SolutionConfigurationPlatforms) = preSolution
		Debug|Any CPU = Debug|Any CPU
		Release|Any CPU = Release|Any CPU
	EndGlobalSection
	GlobalSection(ProjectConfigurationPlatforms) = postSolution
		{D32C7E29-B391-42B1-8AC5-9E280F827BD9}.Debug|Any CPU.ActiveCfg = Debug|Any CPU
		{D32C7E29-B391-42B1-8AC5-9E280F827BD9}.Debug|Any CPU.Build.0 = Debug|Any CPU
		{D32C7E29-B391-42B1-8AC5-9E280F827BD9}.Release|Any CPU.ActiveCfg = Release|Any CPU
		{D32C7E29-B391-42B1-8AC5-9E280F827BD9}.Release|Any CPU.Build.0 = Release|Any CPU
	EndGlobalSection
	GlobalSection(SolutionProperties) = preSolution
		HideSolutionNode = FALSE
	EndGlobalSection
	GlobalSection(ExtensibilityGlobals) = postSolution
		SolutionGuid = {3DACA07A-3FBE-4E85-92A7-BCD175711929}
	EndGlobalSection
EndGlobal
